
Microsoft Visual Studio Solution File, Format Version 12.00
# Visual Studio Version 17
VisualStudioVersion = 17.7.34202.233
MinimumVisualStudioVersion = 10.0.40219.1
Project("{9A19103F-16F7-4668-BE54-9A1E7A4F7556}") = "SuperTurista.Api", "SuperTurista.Api\SuperTurista.Api.csproj", "{7CD25F26-ABF2-4A35-9A32-F6E7BA7ED29D}"
EndProject
Project("{FAE04EC0-301F-11D3-BF4B-00C04F79EFBC}") = "SuperTurista.Core", "SuperTurista.Core\SuperTurista.Core.csproj", "{F41BBE0C-8294-4934-BCA9-A38CD3A34962}"
EndProject
Project("{FAE04EC0-301F-11D3-BF4B-00C04F79EFBC}") = "SuperTurista.DataAccess", "SuperTurista.DataAccess\SuperTurista.DataAccess.csproj", "{E24D335C-E0C0-4362-B507-A51AE33DA589}"
EndProject
Project("{FAE04EC0-301F-11D3-BF4B-00C04F79EFBC}") = "SuperTuriste.Service", "SuperTuriste.Service\SuperTuriste.Service.csproj", "{900EB724-C629-412C-8FF8-DE8718DDCE82}"
EndProject
Global
	GlobalSection(SolutionConfigurationPlatforms) = preSolution
		Debug|Any CPU = Debug|Any CPU
		Release|Any CPU = Release|Any CPU
	EndGlobalSection
	GlobalSection(ProjectConfigurationPlatforms) = postSolution
		{7CD25F26-ABF2-4A35-9A32-F6E7BA7ED29D}.Debug|Any CPU.ActiveCfg = Debug|Any CPU
		{7CD25F26-ABF2-4A35-9A32-F6E7BA7ED29D}.Debug|Any CPU.Build.0 = Debug|Any CPU
		{7CD25F26-ABF2-4A35-9A32-F6E7BA7ED29D}.Release|Any CPU.ActiveCfg = Release|Any CPU
		{7CD25F26-ABF2-4A35-9A32-F6E7BA7ED29D}.Release|Any CPU.Build.0 = Release|Any CPU
		{F41BBE0C-8294-4934-BCA9-A38CD3A34962}.Debug|Any CPU.ActiveCfg = Debug|Any CPU
		{F41BBE0C-8294-4934-BCA9-A38CD3A34962}.Debug|Any CPU.Build.0 = Debug|Any CPU
		{F41BBE0C-8294-4934-BCA9-A38CD3A34962}.Release|Any CPU.ActiveCfg = Release|Any CPU
		{F41BBE0C-8294-4934-BCA9-A38CD3A34962}.Release|Any CPU.Build.0 = Release|Any CPU
		{E24D335C-E0C0-4362-B507-A51AE33DA589}.Debug|Any CPU.ActiveCfg = Debug|Any CPU
		{E24D335C-E0C0-4362-B507-A51AE33DA589}.Debug|Any CPU.Build.0 = Debug|Any CPU
		{E24D335C-E0C0-4362-B507-A51AE33DA589}.Release|Any CPU.ActiveCfg = Release|Any CPU
		{E24D335C-E0C0-4362-B507-A51AE33DA589}.Release|Any CPU.Build.0 = Release|Any CPU
		{900EB724-C629-412C-8FF8-DE8718DDCE82}.Debug|Any CPU.ActiveCfg = Debug|Any CPU
		{900EB724-C629-412C-8FF8-DE8718DDCE82}.Debug|Any CPU.Build.0 = Debug|Any CPU
		{900EB724-C629-412C-8FF8-DE8718DDCE82}.Release|Any CPU.ActiveCfg = Release|Any CPU
		{900EB724-C629-412C-8FF8-DE8718DDCE82}.Release|Any CPU.Build.0 = Release|Any CPU
	EndGlobalSection
	GlobalSection(SolutionProperties) = preSolution
		HideSolutionNode = FALSE
	EndGlobalSection
	GlobalSection(ExtensibilityGlobals) = postSolution
		SolutionGuid = {869ECD35-CC2F-4343-975F-34D3B358AD1D}
	EndGlobalSection
EndGlobal
